lockfileVersion: '6.0'

devDependencies:
  '@types/google-apps-script':
    specifier: ^1.0.61
    version: 1.0.61

packages:

  /@types/google-apps-script@1.0.61:
    resolution: {integrity: sha512-5w7bhexua58GsR8M9c73R3+XjM7JooWybwSLz1gpDCDeYgwh7ALhjZLYSBc0zwPWofqYFtvqpDoHO7OTv70e3A==}
    dev: true
